
Microsoft Visual Studio Solution File, Format Version 12.00
# Visual Studio Version 17
VisualStudioVersion = 17.9.34723.18
MinimumVisualStudioVersion = 10.0.40219.1
Project("{9A19103F-16F7-4668-BE54-9A1E7A4F7556}") = "Protobuf_Core", "Comms_Core\Protobuf_Core.csproj", "{8826218C-6871-4819-9662-6A705FA6BCA2}"
EndProject
Project("{9A19103F-16F7-4668-BE54-9A1E7A4F7556}") = "DDL_DedicatedServer_Linux", "DDL_DedicatedServer_Linux\DDL_DedicatedServer_Linux.csproj", "{006B3C5A-CAE5-4D68-BC5D-93D5C76B2F47}"
EndProject
Project("{9A19103F-16F7-4668-BE54-9A1E7A4F7556}") = "DakkaDataLink", "DakkaDataLink\DakkaDataLink.csproj", "{AB623D1F-88C1-42AD-8928-50C19D463C5E}"
EndProject
Global
	GlobalSection(SolutionConfigurationPlatforms) = preSolution
		Debug|Any CPU = Debug|Any CPU
		Release|Any CPU = Release|Any CPU
	EndGlobalSection
	GlobalSection(ProjectConfigurationPlatforms) = postSolution
		{8826218C-6871-4819-9662-6A705FA6BCA2}.Debug|Any CPU.ActiveCfg = Debug|Any CPU
		{8826218C-6871-4819-9662-6A705FA6BCA2}.Debug|Any CPU.Build.0 = Debug|Any CPU
		{8826218C-6871-4819-9662-6A705FA6BCA2}.Release|Any CPU.ActiveCfg = Release|Any CPU
		{8826218C-6871-4819-9662-6A705FA6BCA2}.Release|Any CPU.Build.0 = Release|Any CPU
		{006B3C5A-CAE5-4D68-BC5D-93D5C76B2F47}.Debug|Any CPU.ActiveCfg = Debug|Any CPU
		{006B3C5A-CAE5-4D68-BC5D-93D5C76B2F47}.Debug|Any CPU.Build.0 = Debug|Any CPU
		{006B3C5A-CAE5-4D68-BC5D-93D5C76B2F47}.Release|Any CPU.ActiveCfg = Release|Any CPU
		{006B3C5A-CAE5-4D68-BC5D-93D5C76B2F47}.Release|Any CPU.Build.0 = Release|Any CPU
		{AB623D1F-88C1-42AD-8928-50C19D463C5E}.Debug|Any CPU.ActiveCfg = Debug|Any CPU
		{AB623D1F-88C1-42AD-8928-50C19D463C5E}.Debug|Any CPU.Build.0 = Debug|Any CPU
		{AB623D1F-88C1-42AD-8928-50C19D463C5E}.Release|Any CPU.ActiveCfg = Release|Any CPU
		{AB623D1F-88C1-42AD-8928-50C19D463C5E}.Release|Any CPU.Build.0 = Release|Any CPU
	EndGlobalSection
	GlobalSection(SolutionProperties) = preSolution
		HideSolutionNode = FALSE
	EndGlobalSection
	GlobalSection(ExtensibilityGlobals) = postSolution
		SolutionGuid = {E0D5B013-A5AE-4F0B-AA7F-150D05C41D8A}
	EndGlobalSection
EndGlobal
