
Microsoft Visual Studio Solution File, Format Version 12.00
# Visual Studio Version 17
VisualStudioVersion = 17.9.34723.18
MinimumVisualStudioVersion = 10.0.40219.1
Project("{9A19103F-16F7-4668-BE54-9A1E7A4F7556}") = "PitBoss", "PitBoss\PitBoss.csproj", "{283A97EA-C5E6-4769-BE98-E07D7E8F03EA}"
	ProjectSection(ProjectDependencies) = postProject
		{8826218C-6871-4819-9662-6A705FA6BCA2} = {8826218C-6871-4819-9662-6A705FA6BCA2}
	EndProjectSection
EndProject
Project("{9A19103F-16F7-4668-BE54-9A1E7A4F7556}") = "Comms_Core", "Comms_Core\Comms_Core.csproj", "{8826218C-6871-4819-9662-6A705FA6BCA2}"
EndProject
Project("{FAE04EC0-301F-11D3-BF4B-00C04F79EFBC}") = "PitBoss_DedicatedServer_Linux", "PitBoss_DedicatedServer_Linux\PitBoss_DedicatedServer_Linux.csproj", "{006B3C5A-CAE5-4D68-BC5D-93D5C76B2F47}"
EndProject
Global
	GlobalSection(SolutionConfigurationPlatforms) = preSolution
		Debug|Any CPU = Debug|Any CPU
		Release|Any CPU = Release|Any CPU
	EndGlobalSection
	GlobalSection(ProjectConfigurationPlatforms) = postSolution
		{283A97EA-C5E6-4769-BE98-E07D7E8F03EA}.Debug|Any CPU.ActiveCfg = Debug|Any CPU
		{283A97EA-C5E6-4769-BE98-E07D7E8F03EA}.Debug|Any CPU.Build.0 = Debug|Any CPU
		{283A97EA-C5E6-4769-BE98-E07D7E8F03EA}.Release|Any CPU.ActiveCfg = Release|Any CPU
		{283A97EA-C5E6-4769-BE98-E07D7E8F03EA}.Release|Any CPU.Build.0 = Release|Any CPU
		{8826218C-6871-4819-9662-6A705FA6BCA2}.Debug|Any CPU.ActiveCfg = Debug|Any CPU
		{8826218C-6871-4819-9662-6A705FA6BCA2}.Debug|Any CPU.Build.0 = Debug|Any CPU
		{8826218C-6871-4819-9662-6A705FA6BCA2}.Release|Any CPU.ActiveCfg = Release|Any CPU
		{8826218C-6871-4819-9662-6A705FA6BCA2}.Release|Any CPU.Build.0 = Release|Any CPU
		{006B3C5A-CAE5-4D68-BC5D-93D5C76B2F47}.Debug|Any CPU.ActiveCfg = Debug|Any CPU
		{006B3C5A-CAE5-4D68-BC5D-93D5C76B2F47}.Debug|Any CPU.Build.0 = Debug|Any CPU
		{006B3C5A-CAE5-4D68-BC5D-93D5C76B2F47}.Release|Any CPU.ActiveCfg = Release|Any CPU
		{006B3C5A-CAE5-4D68-BC5D-93D5C76B2F47}.Release|Any CPU.Build.0 = Release|Any CPU
	EndGlobalSection
	GlobalSection(SolutionProperties) = preSolution
		HideSolutionNode = FALSE
	EndGlobalSection
	GlobalSection(ExtensibilityGlobals) = postSolution
		SolutionGuid = {E0D5B013-A5AE-4F0B-AA7F-150D05C41D8A}
	EndGlobalSection
EndGlobal
