
Microsoft Visual Studio Solution File, Format Version 12.00
# Visual Studio Version 17
VisualStudioVersion = 17.9.34723.18
MinimumVisualStudioVersion = 10.0.40219.1
Project("{9A19103F-16F7-4668-BE54-9A1E7A4F7556}") = "PitBoss", "PitBoss\PitBoss.csproj", "{283A97EA-C5E6-4769-BE98-E07D7E8F03EA}"
EndProject
Global
	GlobalSection(SolutionConfigurationPlatforms) = preSolution
		Debug|Any CPU = Debug|Any CPU
		Release|Any CPU = Release|Any CPU
	EndGlobalSection
	GlobalSection(ProjectConfigurationPlatforms) = postSolution
		{283A97EA-C5E6-4769-BE98-E07D7E8F03EA}.Debug|Any CPU.ActiveCfg = Debug|Any CPU
		{283A97EA-C5E6-4769-BE98-E07D7E8F03EA}.Debug|Any CPU.Build.0 = Debug|Any CPU
		{283A97EA-C5E6-4769-BE98-E07D7E8F03EA}.Release|Any CPU.ActiveCfg = Release|Any CPU
		{283A97EA-C5E6-4769-BE98-E07D7E8F03EA}.Release|Any CPU.Build.0 = Release|Any CPU
	EndGlobalSection
	GlobalSection(SolutionProperties) = preSolution
		HideSolutionNode = FALSE
	EndGlobalSection
	GlobalSection(ExtensibilityGlobals) = postSolution
		SolutionGuid = {E0D5B013-A5AE-4F0B-AA7F-150D05C41D8A}
	EndGlobalSection
EndGlobal
